// !$*UTF8*$!
{
	archiveVersion = 1;
	classes = {
	};
	objectVersion = 56;
	objects = {

/* Begin PBXBuildFile section */
		370464D1295DB6FE00BEFF34 /* CompteUITests.swift in Sources */ = {isa = PBXBuildFile; fileRef = 370464D0295DB6FE00BEFF34 /* CompteUITests.swift */; };
		372D2DC72959C5A3009CF1BE /* Color.swift in Sources */ = {isa = PBXBuildFile; fileRef = 372D2DC62959C5A3009CF1BE /* Color.swift */; };
		37327E8229462FF900F19D4E /* PersistenceManager.swift in Sources */ = {isa = PBXBuildFile; fileRef = 37327E8129462FF900F19D4E /* PersistenceManager.swift */; };
		37327E862946310300F19D4E /* CompteModel.xcdatamodeld in Sources */ = {isa = PBXBuildFile; fileRef = 37327E842946310300F19D4E /* CompteModel.xcdatamodeld */; };
		37327E8D2946348500F19D4E /* BoardListView.swift in Sources */ = {isa = PBXBuildFile; fileRef = 37327E8C2946348500F19D4E /* BoardListView.swift */; };
		37327E8F294634D000F19D4E /* BoardListVModel.swift in Sources */ = {isa = PBXBuildFile; fileRef = 37327E8E294634D000F19D4E /* BoardListVModel.swift */; };
		37327E9A2946475E00F19D4E /* ViewBuilderCoordinator.swift in Sources */ = {isa = PBXBuildFile; fileRef = 37327E992946475E00F19D4E /* ViewBuilderCoordinator.swift */; };
		373A3DA3293F43120083F74C /* TapListView.swift in Sources */ = {isa = PBXBuildFile; fileRef = 373A3DA2293F43120083F74C /* TapListView.swift */; };
		373A3DA5293F44FD0083F74C /* TapListVModel.swift in Sources */ = {isa = PBXBuildFile; fileRef = 373A3DA4293F44FD0083F74C /* TapListVModel.swift */; };
		373A3DA8293F46770083F74C /* CounterView.swift in Sources */ = {isa = PBXBuildFile; fileRef = 373A3DA7293F46770083F74C /* CounterView.swift */; };
		373A3DAA293F46B70083F74C /* SlideToUnlockView.swift in Sources */ = {isa = PBXBuildFile; fileRef = 373A3DA9293F46B70083F74C /* SlideToUnlockView.swift */; };
		373A3DAD293F48B60083F74C /* TapView.swift in Sources */ = {isa = PBXBuildFile; fileRef = 373A3DAC293F48B60083F74C /* TapView.swift */; };
		373A3DB0293F56300083F74C /* NavbarButtonsView.swift in Sources */ = {isa = PBXBuildFile; fileRef = 373A3DAF293F56300083F74C /* NavbarButtonsView.swift */; };
		373A3DB4293F5C070083F74C /* NavbarButtonsWrapper.swift in Sources */ = {isa = PBXBuildFile; fileRef = 373A3DB3293F5C060083F74C /* NavbarButtonsWrapper.swift */; };
		37830D7929519C9600AEC7D2 /* TapMapper.swift in Sources */ = {isa = PBXBuildFile; fileRef = 37830D7829519C9600AEC7D2 /* TapMapper.swift */; };
		37830D7C2951A41300AEC7D2 /* TapListWrapper.swift in Sources */ = {isa = PBXBuildFile; fileRef = 37830D7B2951A41300AEC7D2 /* TapListWrapper.swift */; };
		378572E029505874005AFE9A /* BoardListCellView.swift in Sources */ = {isa = PBXBuildFile; fileRef = 378572DF29505874005AFE9A /* BoardListCellView.swift */; };
		378572E32950635C005AFE9A /* RenameCardView.swift in Sources */ = {isa = PBXBuildFile; fileRef = 378572E22950635C005AFE9A /* RenameCardView.swift */; };
		3791D4DD295B685500DAB251 /* PersistenceManagerTests.swift in Sources */ = {isa = PBXBuildFile; fileRef = 3791D4DC295B685500DAB251 /* PersistenceManagerTests.swift */; };
		3791D4E0295B68ED00DAB251 /* DataSourceWrapper.swift in Sources */ = {isa = PBXBuildFile; fileRef = 3791D4DF295B68ED00DAB251 /* DataSourceWrapper.swift */; };
		3791D4E3295B6A0C00DAB251 /* DataStoreMock.swift in Sources */ = {isa = PBXBuildFile; fileRef = 3791D4E2295B6A0C00DAB251 /* DataStoreMock.swift */; };
		3793DEEC29531F4000C04C30 /* ItemsListWrapper.swift in Sources */ = {isa = PBXBuildFile; fileRef = 3793DEEB29531F4000C04C30 /* ItemsListWrapper.swift */; };
		3793DEF0295359C800C04C30 /* BoardScrollView.swift in Sources */ = {isa = PBXBuildFile; fileRef = 3793DEEF295359C800C04C30 /* BoardScrollView.swift */; };
		37A69E352942643400129FB1 /* TapListCellView.swift in Sources */ = {isa = PBXBuildFile; fileRef = 37A69E342942643400129FB1 /* TapListCellView.swift */; };
		37AEA893295C7BE500E12A4F /* BoardListVModelTests.swift in Sources */ = {isa = PBXBuildFile; fileRef = 37AEA892295C7BE500E12A4F /* BoardListVModelTests.swift */; };
		37B0C073293F427F00317132 /* CompteApp.swift in Sources */ = {isa = PBXBuildFile; fileRef = 37B0C072293F427F00317132 /* CompteApp.swift */; };
		37B0C077293F428000317132 /* Assets.xcassets in Resources */ = {isa = PBXBuildFile; fileRef = 37B0C076293F428000317132 /* Assets.xcassets */; };
		37B0C07A293F428000317132 /* Preview Assets.xcassets in Resources */ = {isa = PBXBuildFile; fileRef = 37B0C079293F428000317132 /* Preview Assets.xcassets */; };
		37B1B96529545D6B002B99E0 /* LimitedTextEditorView.swift in Sources */ = {isa = PBXBuildFile; fileRef = 37B1B96429545D6B002B99E0 /* LimitedTextEditorView.swift */; };
		37B1B96829548000002B99E0 /* DefaultTapListDecorator.swift in Sources */ = {isa = PBXBuildFile; fileRef = 37B1B96729548000002B99E0 /* DefaultTapListDecorator.swift */; };
		37B1B96B2954811B002B99E0 /* TapListDecorator.swift in Sources */ = {isa = PBXBuildFile; fileRef = 37B1B96A2954811B002B99E0 /* TapListDecorator.swift */; };
		37B1B96D29548233002B99E0 /* TapListCellDecorator.swift in Sources */ = {isa = PBXBuildFile; fileRef = 37B1B96C29548233002B99E0 /* TapListCellDecorator.swift */; };
		37B1B96F2954825F002B99E0 /* DefaultTapListCellDecorator.swift in Sources */ = {isa = PBXBuildFile; fileRef = 37B1B96E2954825F002B99E0 /* DefaultTapListCellDecorator.swift */; };
		37B1B974295485FB002B99E0 /* RenameBoardDecorator.swift in Sources */ = {isa = PBXBuildFile; fileRef = 37B1B973295485FB002B99E0 /* RenameBoardDecorator.swift */; };
		37B1B97629548608002B99E0 /* DefaultRenameBoardDecorator.swift in Sources */ = {isa = PBXBuildFile; fileRef = 37B1B97529548608002B99E0 /* DefaultRenameBoardDecorator.swift */; };
		37B1B97A295490D7002B99E0 /* BoardListDecorator.swift in Sources */ = {isa = PBXBuildFile; fileRef = 37B1B979295490D7002B99E0 /* BoardListDecorator.swift */; };
		37B1B97C295490F2002B99E0 /* DefaultBoardListDecorator.swift in Sources */ = {isa = PBXBuildFile; fileRef = 37B1B97B295490F2002B99E0 /* DefaultBoardListDecorator.swift */; };
		37B1B9822954967F002B99E0 /* BoardListCellDecorator.swift in Sources */ = {isa = PBXBuildFile; fileRef = 37B1B9812954967F002B99E0 /* BoardListCellDecorator.swift */; };
		37B1B984295496B0002B99E0 /* DefaultBoardListCellDecorator.swift in Sources */ = {isa = PBXBuildFile; fileRef = 37B1B983295496B0002B99E0 /* DefaultBoardListCellDecorator.swift */; };
		37BFC252295597D4006AC26B /* Localizable.strings in Resources */ = {isa = PBXBuildFile; fileRef = 37BFC254295597D4006AC26B /* Localizable.strings */; };
		37BFC25A2955A6AD006AC26B /* PlaceholderView.swift in Sources */ = {isa = PBXBuildFile; fileRef = 37BFC2592955A6AD006AC26B /* PlaceholderView.swift */; };
		37BFC25F2955B0EE006AC26B /* PlaceholderEmptyBoardListDecorator.swift in Sources */ = {isa = PBXBuildFile; fileRef = 37BFC25E2955B0EE006AC26B /* PlaceholderEmptyBoardListDecorator.swift */; };
		37BFC2612955B0FE006AC26B /* PlaceholderDecorator.swift in Sources */ = {isa = PBXBuildFile; fileRef = 37BFC2602955B0FE006AC26B /* PlaceholderDecorator.swift */; };
		37BFC2642955B641006AC26B /* PlaceholderWrapper.swift in Sources */ = {isa = PBXBuildFile; fileRef = 37BFC2632955B641006AC26B /* PlaceholderWrapper.swift */; };
		37C3D6742955BE7B00ED66C3 /* PlaceholderEmptyTapListDecorator.swift in Sources */ = {isa = PBXBuildFile; fileRef = 37C3D6732955BE7B00ED66C3 /* PlaceholderEmptyTapListDecorator.swift */; };
		37D10D25295DB9C8000ACD80 /* TapListVModelTests.swift in Sources */ = {isa = PBXBuildFile; fileRef = 37D10D24295DB9C8000ACD80 /* TapListVModelTests.swift */; };
		37E84F16294B1B3F0039BB4F /* DataStore.swift in Sources */ = {isa = PBXBuildFile; fileRef = 37E84F15294B1B3F0039BB4F /* DataStore.swift */; };
		37E84F19294B263F0039BB4F /* PersistenceManagerWrapper.swift in Sources */ = {isa = PBXBuildFile; fileRef = 37E84F18294B263F0039BB4F /* PersistenceManagerWrapper.swift */; };
		37E84F1C294B27120039BB4F /* ModelMapper.swift in Sources */ = {isa = PBXBuildFile; fileRef = 37E84F1B294B27120039BB4F /* ModelMapper.swift */; };
		37E84F1E294B27230039BB4F /* CompteMapper.swift in Sources */ = {isa = PBXBuildFile; fileRef = 37E84F1D294B27230039BB4F /* CompteMapper.swift */; };
		37E84F21294B29130039BB4F /* CompteObject.swift in Sources */ = {isa = PBXBuildFile; fileRef = 37E84F20294B29130039BB4F /* CompteObject.swift */; };
		37E84F23294B291B0039BB4F /* TapObject.swift in Sources */ = {isa = PBXBuildFile; fileRef = 37E84F22294B291B0039BB4F /* TapObject.swift */; };
		37F30518294292BF003AADD6 /* VisualEffectView.swift in Sources */ = {isa = PBXBuildFile; fileRef = 37F30517294292BF003AADD6 /* VisualEffectView.swift */; };
/* End PBXBuildFile section */

/* Begin PBXContainerItemProxy section */
		37B0C080293F428000317132 /* PBXContainerItemProxy */ = {
			isa = PBXContainerItemProxy;
			containerPortal = 37B0C067293F427F00317132 /* Project object */;
			proxyType = 1;
			remoteGlobalIDString = 37B0C06E293F427F00317132;
			remoteInfo = Compte;
		};
		37B0C08A293F428000317132 /* PBXContainerItemProxy */ = {
			isa = PBXContainerItemProxy;
			containerPortal = 37B0C067293F427F00317132 /* Project object */;
			proxyType = 1;
			remoteGlobalIDString = 37B0C06E293F427F00317132;
			remoteInfo = Compte;
		};
/* End PBXContainerItemProxy section */

/* Begin PBXFileReference section */
		370464D0295DB6FE00BEFF34 /* CompteUITests.swift */ = {isa = PBXFileReference; lastKnownFileType = sourcecode.swift; path = CompteUITests.swift; sourceTree = "<group>"; };
		372D2DC62959C5A3009CF1BE /* Color.swift */ = {isa = PBXFileReference; lastKnownFileType = sourcecode.swift; path = Color.swift; sourceTree = "<group>"; };
		37327E8129462FF900F19D4E /* PersistenceManager.swift */ = {isa = PBXFileReference; lastKnownFileType = sourcecode.swift; path = PersistenceManager.swift; sourceTree = "<group>"; };
		37327E852946310300F19D4E /* CompteModel.xcdatamodel */ = {isa = PBXFileReference; lastKnownFileType = wrapper.xcdatamodel; path = CompteModel.xcdatamodel; sourceTree = "<group>"; };
		37327E8C2946348500F19D4E /* BoardListView.swift */ = {isa = PBXFileReference; lastKnownFileType = sourcecode.swift; path = BoardListView.swift; sourceTree = "<group>"; };
		37327E8E294634D000F19D4E /* BoardListVModel.swift */ = {isa = PBXFileReference; lastKnownFileType = sourcecode.swift; path = BoardListVModel.swift; sourceTree = "<group>"; };
		37327E992946475E00F19D4E /* ViewBuilderCoordinator.swift */ = {isa = PBXFileReference; lastKnownFileType = sourcecode.swift; path = ViewBuilderCoordinator.swift; sourceTree = "<group>"; };
		373A3DA2293F43120083F74C /* TapListView.swift */ = {isa = PBXFileReference; lastKnownFileType = sourcecode.swift; path = TapListView.swift; sourceTree = "<group>"; };
		373A3DA4293F44FD0083F74C /* TapListVModel.swift */ = {isa = PBXFileReference; lastKnownFileType = sourcecode.swift; path = TapListVModel.swift; sourceTree = "<group>"; };
		373A3DA7293F46770083F74C /* CounterView.swift */ = {isa = PBXFileReference; lastKnownFileType = sourcecode.swift; path = CounterView.swift; sourceTree = "<group>"; };
		373A3DA9293F46B70083F74C /* SlideToUnlockView.swift */ = {isa = PBXFileReference; lastKnownFileType = sourcecode.swift; path = SlideToUnlockView.swift; sourceTree = "<group>"; };
		373A3DAC293F48B60083F74C /* TapView.swift */ = {isa = PBXFileReference; lastKnownFileType = sourcecode.swift; path = TapView.swift; sourceTree = "<group>"; };
		373A3DAF293F56300083F74C /* NavbarButtonsView.swift */ = {isa = PBXFileReference; lastKnownFileType = sourcecode.swift; path = NavbarButtonsView.swift; sourceTree = "<group>"; };
		373A3DB3293F5C060083F74C /* NavbarButtonsWrapper.swift */ = {isa = PBXFileReference; lastKnownFileType = sourcecode.swift; path = NavbarButtonsWrapper.swift; sourceTree = "<group>"; };
		374252B82954A41700E35A95 /* Info.plist */ = {isa = PBXFileReference; lastKnownFileType = text.plist.xml; path = Info.plist; sourceTree = "<group>"; };
		37830D7829519C9600AEC7D2 /* TapMapper.swift */ = {isa = PBXFileReference; lastKnownFileType = sourcecode.swift; path = TapMapper.swift; sourceTree = "<group>"; };
		37830D7B2951A41300AEC7D2 /* TapListWrapper.swift */ = {isa = PBXFileReference; lastKnownFileType = sourcecode.swift; path = TapListWrapper.swift; sourceTree = "<group>"; };
		378572DF29505874005AFE9A /* BoardListCellView.swift */ = {isa = PBXFileReference; lastKnownFileType = sourcecode.swift; path = BoardListCellView.swift; sourceTree = "<group>"; };
		378572E22950635C005AFE9A /* RenameCardView.swift */ = {isa = PBXFileReference; lastKnownFileType = sourcecode.swift; path = RenameCardView.swift; sourceTree = "<group>"; };
		3791D4DC295B685500DAB251 /* PersistenceManagerTests.swift */ = {isa = PBXFileReference; lastKnownFileType = sourcecode.swift; path = PersistenceManagerTests.swift; sourceTree = "<group>"; };
		3791D4DF295B68ED00DAB251 /* DataSourceWrapper.swift */ = {isa = PBXFileReference; lastKnownFileType = sourcecode.swift; path = DataSourceWrapper.swift; sourceTree = "<group>"; };
		3791D4E2295B6A0C00DAB251 /* DataStoreMock.swift */ = {isa = PBXFileReference; lastKnownFileType = sourcecode.swift; path = DataStoreMock.swift; sourceTree = "<group>"; };
		3793DEEB29531F4000C04C30 /* ItemsListWrapper.swift */ = {isa = PBXFileReference; lastKnownFileType = sourcecode.swift; path = ItemsListWrapper.swift; sourceTree = "<group>"; };
		3793DEEF295359C800C04C30 /* BoardScrollView.swift */ = {isa = PBXFileReference; lastKnownFileType = sourcecode.swift; path = BoardScrollView.swift; sourceTree = "<group>"; };
		37A69E342942643400129FB1 /* TapListCellView.swift */ = {isa = PBXFileReference; lastKnownFileType = sourcecode.swift; path = TapListCellView.swift; sourceTree = "<group>"; };
		37AEA892295C7BE500E12A4F /* BoardListVModelTests.swift */ = {isa = PBXFileReference; lastKnownFileType = sourcecode.swift; path = BoardListVModelTests.swift; sourceTree = "<group>"; };
		37B0C06F293F427F00317132 /* Compte.app */ = {isa = PBXFileReference; explicitFileType = wrapper.application; includeInIndex = 0; path = Compte.app; sourceTree = BUILT_PRODUCTS_DIR; };
		37B0C072293F427F00317132 /* CompteApp.swift */ = {isa = PBXFileReference; lastKnownFileType = sourcecode.swift; path = CompteApp.swift; sourceTree = "<group>"; };
		37B0C076293F428000317132 /* Assets.xcassets */ = {isa = PBXFileReference; lastKnownFileType = folder.assetcatalog; path = Assets.xcassets; sourceTree = "<group>"; };
		37B0C079293F428000317132 /* Preview Assets.xcassets */ = {isa = PBXFileReference; lastKnownFileType = folder.assetcatalog; path = "Preview Assets.xcassets"; sourceTree = "<group>"; };
		37B0C07F293F428000317132 /* CompteTests.xctest */ = {isa = PBXFileReference; explicitFileType = wrapper.cfbundle; includeInIndex = 0; path = CompteTests.xctest; sourceTree = BUILT_PRODUCTS_DIR; };
		37B0C089293F428000317132 /* CompteUITests.xctest */ = {isa = PBXFileReference; explicitFileType = wrapper.cfbundle; includeInIndex = 0; path = CompteUITests.xctest; sourceTree = BUILT_PRODUCTS_DIR; };
		37B1B96429545D6B002B99E0 /* LimitedTextEditorView.swift */ = {isa = PBXFileReference; lastKnownFileType = sourcecode.swift; path = LimitedTextEditorView.swift; sourceTree = "<group>"; };
		37B1B96729548000002B99E0 /* DefaultTapListDecorator.swift */ = {isa = PBXFileReference; lastKnownFileType = sourcecode.swift; path = DefaultTapListDecorator.swift; sourceTree = "<group>"; };
		37B1B96A2954811B002B99E0 /* TapListDecorator.swift */ = {isa = PBXFileReference; lastKnownFileType = sourcecode.swift; path = TapListDecorator.swift; sourceTree = "<group>"; };
		37B1B96C29548233002B99E0 /* TapListCellDecorator.swift */ = {isa = PBXFileReference; lastKnownFileType = sourcecode.swift; path = TapListCellDecorator.swift; sourceTree = "<group>"; };
		37B1B96E2954825F002B99E0 /* DefaultTapListCellDecorator.swift */ = {isa = PBXFileReference; lastKnownFileType = sourcecode.swift; path = DefaultTapListCellDecorator.swift; sourceTree = "<group>"; };
		37B1B973295485FB002B99E0 /* RenameBoardDecorator.swift */ = {isa = PBXFileReference; lastKnownFileType = sourcecode.swift; path = RenameBoardDecorator.swift; sourceTree = "<group>"; };
		37B1B97529548608002B99E0 /* DefaultRenameBoardDecorator.swift */ = {isa = PBXFileReference; lastKnownFileType = sourcecode.swift; path = DefaultRenameBoardDecorator.swift; sourceTree = "<group>"; };
		37B1B979295490D7002B99E0 /* BoardListDecorator.swift */ = {isa = PBXFileReference; lastKnownFileType = sourcecode.swift; path = BoardListDecorator.swift; sourceTree = "<group>"; };
		37B1B97B295490F2002B99E0 /* DefaultBoardListDecorator.swift */ = {isa = PBXFileReference; lastKnownFileType = sourcecode.swift; path = DefaultBoardListDecorator.swift; sourceTree = "<group>"; };
		37B1B9812954967F002B99E0 /* BoardListCellDecorator.swift */ = {isa = PBXFileReference; lastKnownFileType = sourcecode.swift; path = BoardListCellDecorator.swift; sourceTree = "<group>"; };
		37B1B983295496B0002B99E0 /* DefaultBoardListCellDecorator.swift */ = {isa = PBXFileReference; lastKnownFileType = sourcecode.swift; path = DefaultBoardListCellDecorator.swift; sourceTree = "<group>"; };
		37BFC253295597D4006AC26B /* en */ = {isa = PBXFileReference; lastKnownFileType = text.plist.strings; name = en; path = en.lproj/Localizable.strings; sourceTree = "<group>"; };
		37BFC255295597D8006AC26B /* ca */ = {isa = PBXFileReference; lastKnownFileType = text.plist.strings; name = ca; path = ca.lproj/Localizable.strings; sourceTree = "<group>"; };
		37BFC256295597D8006AC26B /* es */ = {isa = PBXFileReference; lastKnownFileType = text.plist.strings; name = es; path = es.lproj/Localizable.strings; sourceTree = "<group>"; };
		37BFC257295597E2006AC26B /* it */ = {isa = PBXFileReference; lastKnownFileType = text.plist.strings; name = it; path = it.lproj/Localizable.strings; sourceTree = "<group>"; };
		37BFC2592955A6AD006AC26B /* PlaceholderView.swift */ = {isa = PBXFileReference; lastKnownFileType = sourcecode.swift; path = PlaceholderView.swift; sourceTree = "<group>"; };
		37BFC25E2955B0EE006AC26B /* PlaceholderEmptyBoardListDecorator.swift */ = {isa = PBXFileReference; lastKnownFileType = sourcecode.swift; path = PlaceholderEmptyBoardListDecorator.swift; sourceTree = "<group>"; };
		37BFC2602955B0FE006AC26B /* PlaceholderDecorator.swift */ = {isa = PBXFileReference; lastKnownFileType = sourcecode.swift; path = PlaceholderDecorator.swift; sourceTree = "<group>"; };
		37BFC2632955B641006AC26B /* PlaceholderWrapper.swift */ = {isa = PBXFileReference; lastKnownFileType = sourcecode.swift; path = PlaceholderWrapper.swift; sourceTree = "<group>"; };
		37C3D6732955BE7B00ED66C3 /* PlaceholderEmptyTapListDecorator.swift */ = {isa = PBXFileReference; lastKnownFileType = sourcecode.swift; path = PlaceholderEmptyTapListDecorator.swift; sourceTree = "<group>"; };
		37D10D24295DB9C8000ACD80 /* TapListVModelTests.swift */ = {isa = PBXFileReference; lastKnownFileType = sourcecode.swift; path = TapListVModelTests.swift; sourceTree = "<group>"; };
		37E84F15294B1B3F0039BB4F /* DataStore.swift */ = {isa = PBXFileReference; lastKnownFileType = sourcecode.swift; path = DataStore.swift; sourceTree = "<group>"; };
		37E84F18294B263F0039BB4F /* PersistenceManagerWrapper.swift */ = {isa = PBXFileReference; lastKnownFileType = sourcecode.swift; path = PersistenceManagerWrapper.swift; sourceTree = "<group>"; };
		37E84F1B294B27120039BB4F /* ModelMapper.swift */ = {isa = PBXFileReference; lastKnownFileType = sourcecode.swift; path = ModelMapper.swift; sourceTree = "<group>"; };
		37E84F1D294B27230039BB4F /* CompteMapper.swift */ = {isa = PBXFileReference; lastKnownFileType = sourcecode.swift; path = CompteMapper.swift; sourceTree = "<group>"; };
		37E84F20294B29130039BB4F /* CompteObject.swift */ = {isa = PBXFileReference; lastKnownFileType = sourcecode.swift; path = CompteObject.swift; sourceTree = "<group>"; };
		37E84F22294B291B0039BB4F /* TapObject.swift */ = {isa = PBXFileReference; lastKnownFileType = sourcecode.swift; path = TapObject.swift; sourceTree = "<group>"; };
		37F30517294292BF003AADD6 /* VisualEffectView.swift */ = {isa = PBXFileReference; lastKnownFileType = sourcecode.swift; path = VisualEffectView.swift; sourceTree = "<group>"; };
/* End PBXFileReference section */

/* Begin PBXFrameworksBuildPhase section */
		37B0C06C293F427F00317132 /* Frameworks */ = {
			isa = PBXFrameworksBuildPhase;
			buildActionMask = 2147483647;
			files = (
			);
			runOnlyForDeploymentPostprocessing = 0;
		};
		37B0C07C293F428000317132 /* Frameworks */ = {
			isa = PBXFrameworksBuildPhase;
			buildActionMask = 2147483647;
			files = (
			);
			runOnlyForDeploymentPostprocessing = 0;
		};
		37B0C086293F428000317132 /* Frameworks */ = {
			isa = PBXFrameworksBuildPhase;
			buildActionMask = 2147483647;
			files = (
			);
			runOnlyForDeploymentPostprocessing = 0;
		};
/* End PBXFrameworksBuildPhase section */

/* Begin PBXGroup section */
		370FCFE22950AD8300C3DDAC /* _wrapper */ = {
			isa = PBXGroup;
			children = (
				373A3DB3293F5C060083F74C /* NavbarButtonsWrapper.swift */,
			);
			path = _wrapper;
			sourceTree = "<group>";
		};
		37327E7F29462FE900F19D4E /* Services */ = {
			isa = PBXGroup;
			children = (
				37327E8029462FEC00F19D4E /* Persistence */,
				37327E982946474C00F19D4E /* ViewBuilder */,
			);
			path = Services;
			sourceTree = "<group>";
		};
		37327E8029462FEC00F19D4E /* Persistence */ = {
			isa = PBXGroup;
			children = (
				3793DEF229535C9C00C04C30 /* UserDefaults */,
				3793DEF129535C9300C04C30 /* CoreData */,
			);
			path = Persistence;
			sourceTree = "<group>";
		};
		37327E83294630E800F19D4E /* Data */ = {
			isa = PBXGroup;
			children = (
				37327E842946310300F19D4E /* CompteModel.xcdatamodeld */,
			);
			path = Data;
			sourceTree = "<group>";
		};
		37327E8B2946347300F19D4E /* BoardList */ = {
			isa = PBXGroup;
			children = (
				3793DEEA29531F2A00C04C30 /* _wrapper */,
				37327E8C2946348500F19D4E /* BoardListView.swift */,
				37327E8E294634D000F19D4E /* BoardListVModel.swift */,
				378572DE29505859005AFE9A /* Cells */,
				3793DEEE295359AE00C04C30 /* Components */,
				37B1B97729549083002B99E0 /* Decorators */,
			);
			path = BoardList;
			sourceTree = "<group>";
		};
		37327E982946474C00F19D4E /* ViewBuilder */ = {
			isa = PBXGroup;
			children = (
				37327E992946475E00F19D4E /* ViewBuilderCoordinator.swift */,
			);
			path = ViewBuilder;
			sourceTree = "<group>";
		};
		373A3D9E293F42E50083F74C /* Resources */ = {
			isa = PBXGroup;
			children = (
				373A3D9F293F42F10083F74C /* Assets */,
				37327E83294630E800F19D4E /* Data */,
				37BFC24F295597A5006AC26B /* Localizables */,
			);
			path = Resources;
			sourceTree = "<group>";
		};
		373A3D9F293F42F10083F74C /* Assets */ = {
			isa = PBXGroup;
			children = (
				37B0C076293F428000317132 /* Assets.xcassets */,
				374252B82954A41700E35A95 /* Info.plist */,
				37B0C078293F428000317132 /* Preview Content */,
			);
			path = Assets;
			sourceTree = "<group>";
		};
		373A3DA0293F42FB0083F74C /* Views */ = {
			isa = PBXGroup;
			children = (
				37327E8B2946347300F19D4E /* BoardList */,
				373A3DA1293F43020083F74C /* TapList */,
			);
			path = Views;
			sourceTree = "<group>";
		};
		373A3DA1293F43020083F74C /* TapList */ = {
			isa = PBXGroup;
			children = (
				37830D7A2951A3FE00AEC7D2 /* _wrapper */,
				37A69E332942641000129FB1 /* Cells */,
				37B1B96629547FF1002B99E0 /* Decorators */,
				373A3DA2293F43120083F74C /* TapListView.swift */,
				373A3DA4293F44FD0083F74C /* TapListVModel.swift */,
			);
			path = TapList;
			sourceTree = "<group>";
		};
		373A3DAE293F56200083F74C /* Navbar */ = {
			isa = PBXGroup;
			children = (
				370FCFE22950AD8300C3DDAC /* _wrapper */,
				373A3DAF293F56300083F74C /* NavbarButtonsView.swift */,
			);
			path = Navbar;
			sourceTree = "<group>";
		};
		37830D7A2951A3FE00AEC7D2 /* _wrapper */ = {
			isa = PBXGroup;
			children = (
				37830D7B2951A41300AEC7D2 /* TapListWrapper.swift */,
			);
			path = _wrapper;
			sourceTree = "<group>";
		};
		378572DE29505859005AFE9A /* Cells */ = {
			isa = PBXGroup;
			children = (
				378572DF29505874005AFE9A /* BoardListCellView.swift */,
			);
			path = Cells;
			sourceTree = "<group>";
		};
		378572E129506348005AFE9A /* Rename */ = {
			isa = PBXGroup;
			children = (
				37B1B971295485E7002B99E0 /* Decorators */,
				378572E22950635C005AFE9A /* RenameCardView.swift */,
			);
			path = Rename;
			sourceTree = "<group>";
		};
		3791D4DB295B683000DAB251 /* Persistence */ = {
			isa = PBXGroup;
			children = (
				3791D4E1295B69FE00DAB251 /* Mocks */,
				3791D4DC295B685500DAB251 /* PersistenceManagerTests.swift */,
			);
			path = Persistence;
			sourceTree = "<group>";
		};
		3791D4DE295B68E000DAB251 /* _wrapper */ = {
			isa = PBXGroup;
			children = (
				3791D4DF295B68ED00DAB251 /* DataSourceWrapper.swift */,
				37E84F18294B263F0039BB4F /* PersistenceManagerWrapper.swift */,
			);
			path = _wrapper;
			sourceTree = "<group>";
		};
		3791D4E1295B69FE00DAB251 /* Mocks */ = {
			isa = PBXGroup;
			children = (
				3791D4E2295B6A0C00DAB251 /* DataStoreMock.swift */,
			);
			path = Mocks;
			sourceTree = "<group>";
		};
		3793DEEA29531F2A00C04C30 /* _wrapper */ = {
			isa = PBXGroup;
			children = (
				3793DEEB29531F4000C04C30 /* ItemsListWrapper.swift */,
			);
			path = _wrapper;
			sourceTree = "<group>";
		};
		3793DEEE295359AE00C04C30 /* Components */ = {
			isa = PBXGroup;
			children = (
				3793DEEF295359C800C04C30 /* BoardScrollView.swift */,
			);
			path = Components;
			sourceTree = "<group>";
		};
		3793DEF129535C9300C04C30 /* CoreData */ = {
			isa = PBXGroup;
			children = (
				3791D4DE295B68E000DAB251 /* _wrapper */,
				37E84F15294B1B3F0039BB4F /* DataStore.swift */,
				37E84F1A294B27050039BB4F /* Mapper */,
				37327E8129462FF900F19D4E /* PersistenceManager.swift */,
			);
			path = CoreData;
			sourceTree = "<group>";
		};
		3793DEF229535C9C00C04C30 /* UserDefaults */ = {
			isa = PBXGroup;
			children = (
			);
			path = UserDefaults;
			sourceTree = "<group>";
		};
		37A69E322942640B00129FB1 /* Shared Components */ = {
			isa = PBXGroup;
			children = (
				373A3DAE293F56200083F74C /* Navbar */,
				378572E129506348005AFE9A /* Rename */,
				373A3DA7293F46770083F74C /* CounterView.swift */,
				37B1B96429545D6B002B99E0 /* LimitedTextEditorView.swift */,
				373A3DA9293F46B70083F74C /* SlideToUnlockView.swift */,
				373A3DAC293F48B60083F74C /* TapView.swift */,
				37BFC25B2955B0B7006AC26B /* Placeholder */,
			);
			path = "Shared Components";
			sourceTree = "<group>";
		};
		37A69E332942641000129FB1 /* Cells */ = {
			isa = PBXGroup;
			children = (
				37A69E342942643400129FB1 /* TapListCellView.swift */,
			);
			path = Cells;
			sourceTree = "<group>";
		};
		37AEA890295C7BB100E12A4F /* Views */ = {
			isa = PBXGroup;
			children = (
				37AEA891295C7BB400E12A4F /* BoardList */,
				37D10D23295DB9A6000ACD80 /* TapList */,
			);
			path = Views;
			sourceTree = "<group>";
		};
		37AEA891295C7BB400E12A4F /* BoardList */ = {
			isa = PBXGroup;
			children = (
				37AEA892295C7BE500E12A4F /* BoardListVModelTests.swift */,
			);
			path = BoardList;
			sourceTree = "<group>";
		};
		37B0C066293F427F00317132 = {
			isa = PBXGroup;
			children = (
				37B0C071293F427F00317132 /* Compte */,
				37B0C082293F428000317132 /* CompteTests */,
				37B0C08C293F428000317132 /* CompteUITests */,
				37B0C070293F427F00317132 /* Products */,
			);
			sourceTree = "<group>";
		};
		37B0C070293F427F00317132 /* Products */ = {
			isa = PBXGroup;
			children = (
				37B0C06F293F427F00317132 /* Compte.app */,
				37B0C07F293F428000317132 /* CompteTests.xctest */,
				37B0C089293F428000317132 /* CompteUITests.xctest */,
			);
			name = Products;
			sourceTree = "<group>";
		};
		37B0C071293F427F00317132 /* Compte */ = {
			isa = PBXGroup;
			children = (
				37B0C072293F427F00317132 /* CompteApp.swift */,
				37E84F1F294B29080039BB4F /* Domain */,
				37F30516294292AC003AADD6 /* Helpers */,
				373A3D9E293F42E50083F74C /* Resources */,
				37327E7F29462FE900F19D4E /* Services */,
				37A69E322942640B00129FB1 /* Shared Components */,
				373A3DA0293F42FB0083F74C /* Views */,
			);
			path = Compte;
			sourceTree = "<group>";
		};
		37B0C078293F428000317132 /* Preview Content */ = {
			isa = PBXGroup;
			children = (
				37B0C079293F428000317132 /* Preview Assets.xcassets */,
			);
			path = "Preview Content";
			sourceTree = "<group>";
		};
		37B0C082293F428000317132 /* CompteTests */ = {
			isa = PBXGroup;
			children = (
				3791D4DB295B683000DAB251 /* Persistence */,
				37AEA890295C7BB100E12A4F /* Views */,
			);
			path = CompteTests;
			sourceTree = "<group>";
		};
		37B0C08C293F428000317132 /* CompteUITests */ = {
			isa = PBXGroup;
			children = (
				370464D0295DB6FE00BEFF34 /* CompteUITests.swift */,
			);
			path = CompteUITests;
			sourceTree = "<group>";
		};
		37B1B96629547FF1002B99E0 /* Decorators */ = {
			isa = PBXGroup;
			children = (
				37B1B9692954810D002B99E0 /* _wrapper */,
				37B1B970295485D0002B99E0 /* Cells */,
				37B1B96729548000002B99E0 /* DefaultTapListDecorator.swift */,
			);
			path = Decorators;
			sourceTree = "<group>";
		};
		37B1B9692954810D002B99E0 /* _wrapper */ = {
			isa = PBXGroup;
			children = (
				37B1B96C29548233002B99E0 /* TapListCellDecorator.swift */,
				37B1B96A2954811B002B99E0 /* TapListDecorator.swift */,
			);
			path = _wrapper;
			sourceTree = "<group>";
		};
		37B1B970295485D0002B99E0 /* Cells */ = {
			isa = PBXGroup;
			children = (
				37B1B96E2954825F002B99E0 /* DefaultTapListCellDecorator.swift */,
			);
			path = Cells;
			sourceTree = "<group>";
		};
		37B1B971295485E7002B99E0 /* Decorators */ = {
			isa = PBXGroup;
			children = (
				37B1B972295485EC002B99E0 /* _wrapper */,
				37B1B97529548608002B99E0 /* DefaultRenameBoardDecorator.swift */,
			);
			path = Decorators;
			sourceTree = "<group>";
		};
		37B1B972295485EC002B99E0 /* _wrapper */ = {
			isa = PBXGroup;
			children = (
				37B1B973295485FB002B99E0 /* RenameBoardDecorator.swift */,
			);
			path = _wrapper;
			sourceTree = "<group>";
		};
		37B1B97729549083002B99E0 /* Decorators */ = {
			isa = PBXGroup;
			children = (
				37B1B97829549093002B99E0 /* _wrapper */,
				37B1B97D2954960B002B99E0 /* Cells */,
				37B1B97B295490F2002B99E0 /* DefaultBoardListDecorator.swift */,
			);
			path = Decorators;
			sourceTree = "<group>";
		};
		37B1B97829549093002B99E0 /* _wrapper */ = {
			isa = PBXGroup;
			children = (
				37B1B979295490D7002B99E0 /* BoardListDecorator.swift */,
				37B1B9812954967F002B99E0 /* BoardListCellDecorator.swift */,
			);
			path = _wrapper;
			sourceTree = "<group>";
		};
		37B1B97D2954960B002B99E0 /* Cells */ = {
			isa = PBXGroup;
			children = (
				37B1B983295496B0002B99E0 /* DefaultBoardListCellDecorator.swift */,
			);
			path = Cells;
			sourceTree = "<group>";
		};
		37BFC24F295597A5006AC26B /* Localizables */ = {
			isa = PBXGroup;
			children = (
				37BFC254295597D4006AC26B /* Localizable.strings */,
			);
			path = Localizables;
			sourceTree = "<group>";
		};
		37BFC25B2955B0B7006AC26B /* Placeholder */ = {
			isa = PBXGroup;
			children = (
				37BFC2622955B637006AC26B /* _wrapper */,
				37BFC25C2955B0C7006AC26B /* Decorators */,
				37BFC2592955A6AD006AC26B /* PlaceholderView.swift */,
			);
			path = Placeholder;
			sourceTree = "<group>";
		};
		37BFC25C2955B0C7006AC26B /* Decorators */ = {
			isa = PBXGroup;
			children = (
				37BFC25D2955B0D1006AC26B /* _wrapper */,
				37BFC25E2955B0EE006AC26B /* PlaceholderEmptyBoardListDecorator.swift */,
				37C3D6732955BE7B00ED66C3 /* PlaceholderEmptyTapListDecorator.swift */,
			);
			path = Decorators;
			sourceTree = "<group>";
		};
		37BFC25D2955B0D1006AC26B /* _wrapper */ = {
			isa = PBXGroup;
			children = (
				37BFC2602955B0FE006AC26B /* PlaceholderDecorator.swift */,
			);
			path = _wrapper;
			sourceTree = "<group>";
		};
		37BFC2622955B637006AC26B /* _wrapper */ = {
			isa = PBXGroup;
			children = (
				37BFC2632955B641006AC26B /* PlaceholderWrapper.swift */,
			);
			path = _wrapper;
			sourceTree = "<group>";
		};
		37D10D23295DB9A6000ACD80 /* TapList */ = {
			isa = PBXGroup;
			children = (
				37D10D24295DB9C8000ACD80 /* TapListVModelTests.swift */,
			);
			path = TapList;
			sourceTree = "<group>";
		};
		37E84F1A294B27050039BB4F /* Mapper */ = {
			isa = PBXGroup;
			children = (
				37E84F24294B29510039BB4F /* Concrete */,
				37E84F1B294B27120039BB4F /* ModelMapper.swift */,
			);
			path = Mapper;
			sourceTree = "<group>";
		};
		37E84F1F294B29080039BB4F /* Domain */ = {
			isa = PBXGroup;
			children = (
				37E84F20294B29130039BB4F /* CompteObject.swift */,
				37E84F22294B291B0039BB4F /* TapObject.swift */,
			);
			path = Domain;
			sourceTree = "<group>";
		};
		37E84F24294B29510039BB4F /* Concrete */ = {
			isa = PBXGroup;
			children = (
				37E84F1D294B27230039BB4F /* CompteMapper.swift */,
				37830D7829519C9600AEC7D2 /* TapMapper.swift */,
			);
			path = Concrete;
			sourceTree = "<group>";
		};
		37F30516294292AC003AADD6 /* Helpers */ = {
			isa = PBXGroup;
			children = (
				37F30517294292BF003AADD6 /* VisualEffectView.swift */,
				372D2DC62959C5A3009CF1BE /* Color.swift */,
			);
			path = Helpers;
			sourceTree = "<group>";
		};
/* End PBXGroup section */

/* Begin PBXNativeTarget section */
		37B0C06E293F427F00317132 /* Compte */ = {
			isa = PBXNativeTarget;
			buildConfigurationList = 37B0C093293F428000317132 /* Build configuration list for PBXNativeTarget "Compte" */;
			buildPhases = (
				37B0C06B293F427F00317132 /* Sources */,
				37B0C06C293F427F00317132 /* Frameworks */,
				37B0C06D293F427F00317132 /* Resources */,
			);
			buildRules = (
			);
			dependencies = (
			);
			name = Compte;
			productName = Compte;
			productReference = 37B0C06F293F427F00317132 /* Compte.app */;
			productType = "com.apple.product-type.application";
		};
		37B0C07E293F428000317132 /* CompteTests */ = {
			isa = PBXNativeTarget;
			buildConfigurationList = 37B0C096293F428000317132 /* Build configuration list for PBXNativeTarget "CompteTests" */;
			buildPhases = (
				37B0C07B293F428000317132 /* Sources */,
				37B0C07C293F428000317132 /* Frameworks */,
				37B0C07D293F428000317132 /* Resources */,
			);
			buildRules = (
			);
			dependencies = (
				37B0C081293F428000317132 /* PBXTargetDependency */,
			);
			name = CompteTests;
			productName = CompteTests;
			productReference = 37B0C07F293F428000317132 /* CompteTests.xctest */;
			productType = "com.apple.product-type.bundle.unit-test";
		};
		37B0C088293F428000317132 /* CompteUITests */ = {
			isa = PBXNativeTarget;
			buildConfigurationList = 37B0C099293F428000317132 /* Build configuration list for PBXNativeTarget "CompteUITests" */;
			buildPhases = (
				37B0C085293F428000317132 /* Sources */,
				37B0C086293F428000317132 /* Frameworks */,
				37B0C087293F428000317132 /* Resources */,
			);
			buildRules = (
			);
			dependencies = (
				37B0C08B293F428000317132 /* PBXTargetDependency */,
			);
			name = CompteUITests;
			productName = CompteUITests;
			productReference = 37B0C089293F428000317132 /* CompteUITests.xctest */;
			productType = "com.apple.product-type.bundle.ui-testing";
		};
/* End PBXNativeTarget section */

/* Begin PBXProject section */
		37B0C067293F427F00317132 /* Project object */ = {
			isa = PBXProject;
			attributes = {
				BuildIndependentTargetsInParallel = 1;
				LastSwiftUpdateCheck = 1410;
				LastUpgradeCheck = 1410;
				TargetAttributes = {
					37B0C06E293F427F00317132 = {
						CreatedOnToolsVersion = 14.1;
					};
					37B0C07E293F428000317132 = {
						CreatedOnToolsVersion = 14.1;
						TestTargetID = 37B0C06E293F427F00317132;
					};
					37B0C088293F428000317132 = {
						CreatedOnToolsVersion = 14.1;
						LastSwiftMigration = 1420;
						TestTargetID = 37B0C06E293F427F00317132;
					};
				};
			};
			buildConfigurationList = 37B0C06A293F427F00317132 /* Build configuration list for PBXProject "Compte" */;
			compatibilityVersion = "Xcode 14.0";
			developmentRegion = en;
			hasScannedForEncodings = 0;
			knownRegions = (
				en,
				Base,
				es,
				ca,
				it,
			);
			mainGroup = 37B0C066293F427F00317132;
			productRefGroup = 37B0C070293F427F00317132 /* Products */;
			projectDirPath = "";
			projectRoot = "";
			targets = (
				37B0C06E293F427F00317132 /* Compte */,
				37B0C07E293F428000317132 /* CompteTests */,
				37B0C088293F428000317132 /* CompteUITests */,
			);
		};
/* End PBXProject section */

/* Begin PBXResourcesBuildPhase section */
		37B0C06D293F427F00317132 /* Resources */ = {
			isa = PBXResourcesBuildPhase;
			buildActionMask = 2147483647;
			files = (
				37B0C07A293F428000317132 /* Preview Assets.xcassets in Resources */,
				37BFC252295597D4006AC26B /* Localizable.strings in Resources */,
				37B0C077293F428000317132 /* Assets.xcassets in Resources */,
			);
			runOnlyForDeploymentPostprocessing = 0;
		};
		37B0C07D293F428000317132 /* Resources */ = {
			isa = PBXResourcesBuildPhase;
			buildActionMask = 2147483647;
			files = (
			);
			runOnlyForDeploymentPostprocessing = 0;
		};
		37B0C087293F428000317132 /* Resources */ = {
			isa = PBXResourcesBuildPhase;
			buildActionMask = 2147483647;
			files = (
			);
			runOnlyForDeploymentPostprocessing = 0;
		};
/* End PBXResourcesBuildPhase section */

/* Begin PBXSourcesBuildPhase section */
		37B0C06B293F427F00317132 /* Sources */ = {
			isa = PBXSourcesBuildPhase;
			buildActionMask = 2147483647;
			files = (
				373A3DA3293F43120083F74C /* TapListView.swift in Sources */,
				37E84F16294B1B3F0039BB4F /* DataStore.swift in Sources */,
				3793DEF0295359C800C04C30 /* BoardScrollView.swift in Sources */,
				37B1B96B2954811B002B99E0 /* TapListDecorator.swift in Sources */,
				37BFC25A2955A6AD006AC26B /* PlaceholderView.swift in Sources */,
				37E84F21294B29130039BB4F /* CompteObject.swift in Sources */,
				37B1B96D29548233002B99E0 /* TapListCellDecorator.swift in Sources */,
				37B1B984295496B0002B99E0 /* DefaultBoardListCellDecorator.swift in Sources */,
				37E84F1C294B27120039BB4F /* ModelMapper.swift in Sources */,
				37B1B974295485FB002B99E0 /* RenameBoardDecorator.swift in Sources */,
				37327E9A2946475E00F19D4E /* ViewBuilderCoordinator.swift in Sources */,
				378572E029505874005AFE9A /* BoardListCellView.swift in Sources */,
				3791D4E0295B68ED00DAB251 /* DataSourceWrapper.swift in Sources */,
				37B1B96829548000002B99E0 /* DefaultTapListDecorator.swift in Sources */,
				372D2DC72959C5A3009CF1BE /* Color.swift in Sources */,
				37B1B9822954967F002B99E0 /* BoardListCellDecorator.swift in Sources */,
				3793DEEC29531F4000C04C30 /* ItemsListWrapper.swift in Sources */,
				37B0C073293F427F00317132 /* CompteApp.swift in Sources */,
				378572E32950635C005AFE9A /* RenameCardView.swift in Sources */,
				373A3DB4293F5C070083F74C /* NavbarButtonsWrapper.swift in Sources */,
				373A3DAD293F48B60083F74C /* TapView.swift in Sources */,
				37BFC2642955B641006AC26B /* PlaceholderWrapper.swift in Sources */,
				37B1B96F2954825F002B99E0 /* DefaultTapListCellDecorator.swift in Sources */,
				37327E862946310300F19D4E /* CompteModel.xcdatamodeld in Sources */,
				37327E8229462FF900F19D4E /* PersistenceManager.swift in Sources */,
				37327E8D2946348500F19D4E /* BoardListView.swift in Sources */,
				37F30518294292BF003AADD6 /* VisualEffectView.swift in Sources */,
				37E84F19294B263F0039BB4F /* PersistenceManagerWrapper.swift in Sources */,
				37B1B97629548608002B99E0 /* DefaultRenameBoardDecorator.swift in Sources */,
				37A69E352942643400129FB1 /* TapListCellView.swift in Sources */,
				373A3DB0293F56300083F74C /* NavbarButtonsView.swift in Sources */,
				37B1B97A295490D7002B99E0 /* BoardListDecorator.swift in Sources */,
				373A3DAA293F46B70083F74C /* SlideToUnlockView.swift in Sources */,
				37E84F23294B291B0039BB4F /* TapObject.swift in Sources */,
				37B1B96529545D6B002B99E0 /* LimitedTextEditorView.swift in Sources */,
				37BFC25F2955B0EE006AC26B /* PlaceholderEmptyBoardListDecorator.swift in Sources */,
				37BFC2612955B0FE006AC26B /* PlaceholderDecorator.swift in Sources */,
				37C3D6742955BE7B00ED66C3 /* PlaceholderEmptyTapListDecorator.swift in Sources */,
				373A3DA5293F44FD0083F74C /* TapListVModel.swift in Sources */,
				37830D7929519C9600AEC7D2 /* TapMapper.swift in Sources */,
				37E84F1E294B27230039BB4F /* CompteMapper.swift in Sources */,
				37327E8F294634D000F19D4E /* BoardListVModel.swift in Sources */,
				37830D7C2951A41300AEC7D2 /* TapListWrapper.swift in Sources */,
				37B1B97C295490F2002B99E0 /* DefaultBoardListDecorator.swift in Sources */,
				373A3DA8293F46770083F74C /* CounterView.swift in Sources */,
			);
			runOnlyForDeploymentPostprocessing = 0;
		};
		37B0C07B293F428000317132 /* Sources */ = {
			isa = PBXSourcesBuildPhase;
			buildActionMask = 2147483647;
			files = (
				3791D4DD295B685500DAB251 /* PersistenceManagerTests.swift in Sources */,
				37AEA893295C7BE500E12A4F /* BoardListVModelTests.swift in Sources */,
				37D10D25295DB9C8000ACD80 /* TapListVModelTests.swift in Sources */,
				3791D4E3295B6A0C00DAB251 /* DataStoreMock.swift in Sources */,
			);
			runOnlyForDeploymentPostprocessing = 0;
		};
		37B0C085293F428000317132 /* Sources */ = {
			isa = PBXSourcesBuildPhase;
			buildActionMask = 2147483647;
			files = (
				370464D1295DB6FE00BEFF34 /* CompteUITests.swift in Sources */,
			);
			runOnlyForDeploymentPostprocessing = 0;
		};
/* End PBXSourcesBuildPhase section */

/* Begin PBXTargetDependency section */
		37B0C081293F428000317132 /* PBXTargetDependency */ = {
			isa = PBXTargetDependency;
			target = 37B0C06E293F427F00317132 /* Compte */;
			targetProxy = 37B0C080293F428000317132 /* PBXContainerItemProxy */;
		};
		37B0C08B293F428000317132 /* PBXTargetDependency */ = {
			isa = PBXTargetDependency;
			target = 37B0C06E293F427F00317132 /* Compte */;
			targetProxy = 37B0C08A293F428000317132 /* PBXContainerItemProxy */;
		};
/* End PBXTargetDependency section */

/* Begin PBXVariantGroup section */
		37BFC254295597D4006AC26B /* Localizable.strings */ = {
			isa = PBXVariantGroup;
			children = (
				37BFC253295597D4006AC26B /* en */,
				37BFC255295597D8006AC26B /* ca */,
				37BFC256295597D8006AC26B /* es */,
				37BFC257295597E2006AC26B /* it */,
			);
			name = Localizable.strings;
			sourceTree = "<group>";
		};
/* End PBXVariantGroup section */

/* Begin XCBuildConfiguration section */
		37B0C091293F428000317132 /* Debug */ = {
			isa = XCBuildConfiguration;
			buildSettings = {
				ALWAYS_SEARCH_USER_PATHS = NO;
				CLANG_ANALYZER_NONNULL = YES;
				CLANG_ANALYZER_NUMBER_OBJECT_CONVERSION = YES_AGGRESSIVE;
				CLANG_CXX_LANGUAGE_STANDARD = "gnu++20";
				CLANG_ENABLE_MODULES = YES;
				CLANG_ENABLE_OBJC_ARC = YES;
				CLANG_ENABLE_OBJC_WEAK = YES;
				CLANG_WARN_BLOCK_CAPTURE_AUTORELEASING = YES;
				CLANG_WARN_BOOL_CONVERSION = YES;
				CLANG_WARN_COMMA = YES;
				CLANG_WARN_CONSTANT_CONVERSION = YES;
				CLANG_WARN_DEPRECATED_OBJC_IMPLEMENTATIONS = YES;
				CLANG_WARN_DIRECT_OBJC_ISA_USAGE = YES_ERROR;
				CLANG_WARN_DOCUMENTATION_COMMENTS = YES;
				CLANG_WARN_EMPTY_BODY = YES;
				CLANG_WARN_ENUM_CONVERSION = YES;
				CLANG_WARN_INFINITE_RECURSION = YES;
				CLANG_WARN_INT_CONVERSION = YES;
				CLANG_WARN_NON_LITERAL_NULL_CONVERSION = YES;
				CLANG_WARN_OBJC_IMPLICIT_RETAIN_SELF = YES;
				CLANG_WARN_OBJC_LITERAL_CONVERSION = YES;
				CLANG_WARN_OBJC_ROOT_CLASS = YES_ERROR;
				CLANG_WARN_QUOTED_INCLUDE_IN_FRAMEWORK_HEADER = YES;
				CLANG_WARN_RANGE_LOOP_ANALYSIS = YES;
				CLANG_WARN_STRICT_PROTOTYPES = YES;
				CLANG_WARN_SUSPICIOUS_MOVE = YES;
				CLANG_WARN_UNGUARDED_AVAILABILITY = YES_AGGRESSIVE;
				CLANG_WARN_UNREACHABLE_CODE = YES;
				CLANG_WARN__DUPLICATE_METHOD_MATCH = YES;
				COPY_PHASE_STRIP = NO;
				DEBUG_INFORMATION_FORMAT = dwarf;
				ENABLE_STRICT_OBJC_MSGSEND = YES;
				ENABLE_TESTABILITY = YES;
				GCC_C_LANGUAGE_STANDARD = gnu11;
				GCC_DYNAMIC_NO_PIC = NO;
				GCC_NO_COMMON_BLOCKS = YES;
				GCC_OPTIMIZATION_LEVEL = 0;
				GCC_PREPROCESSOR_DEFINITIONS = (
					"DEBUG=1",
					"$(inherited)",
				);
				GCC_WARN_64_TO_32_BIT_CONVERSION = YES;
				GCC_WARN_ABOUT_RETURN_TYPE = YES_ERROR;
				GCC_WARN_UNDECLARED_SELECTOR = YES;
				GCC_WARN_UNINITIALIZED_AUTOS = YES_AGGRESSIVE;
				GCC_WARN_UNUSED_FUNCTION = YES;
				GCC_WARN_UNUSED_VARIABLE = YES;
				IPHONEOS_DEPLOYMENT_TARGET = 16.1;
				MTL_ENABLE_DEBUG_INFO = INCLUDE_SOURCE;
				MTL_FAST_MATH = YES;
				ONLY_ACTIVE_ARCH = YES;
				SDKROOT = iphoneos;
				SWIFT_ACTIVE_COMPILATION_CONDITIONS = DEBUG;
				SWIFT_OPTIMIZATION_LEVEL = "-Onone";
			};
			name = Debug;
		};
		37B0C092293F428000317132 /* Release */ = {
			isa = XCBuildConfiguration;
			buildSettings = {
				ALWAYS_SEARCH_USER_PATHS = NO;
				CLANG_ANALYZER_NONNULL = YES;
				CLANG_ANALYZER_NUMBER_OBJECT_CONVERSION = YES_AGGRESSIVE;
				CLANG_CXX_LANGUAGE_STANDARD = "gnu++20";
				CLANG_ENABLE_MODULES = YES;
				CLANG_ENABLE_OBJC_ARC = YES;
				CLANG_ENABLE_OBJC_WEAK = YES;
				CLANG_WARN_BLOCK_CAPTURE_AUTORELEASING = YES;
				CLANG_WARN_BOOL_CONVERSION = YES;
				CLANG_WARN_COMMA = YES;
				CLANG_WARN_CONSTANT_CONVERSION = YES;
				CLANG_WARN_DEPRECATED_OBJC_IMPLEMENTATIONS = YES;
				CLANG_WARN_DIRECT_OBJC_ISA_USAGE = YES_ERROR;
				CLANG_WARN_DOCUMENTATION_COMMENTS = YES;
				CLANG_WARN_EMPTY_BODY = YES;
				CLANG_WARN_ENUM_CONVERSION = YES;
				CLANG_WARN_INFINITE_RECURSION = YES;
				CLANG_WARN_INT_CONVERSION = YES;
				CLANG_WARN_NON_LITERAL_NULL_CONVERSION = YES;
				CLANG_WARN_OBJC_IMPLICIT_RETAIN_SELF = YES;
				CLANG_WARN_OBJC_LITERAL_CONVERSION = YES;
				CLANG_WARN_OBJC_ROOT_CLASS = YES_ERROR;
				CLANG_WARN_QUOTED_INCLUDE_IN_FRAMEWORK_HEADER = YES;
				CLANG_WARN_RANGE_LOOP_ANALYSIS = YES;
				CLANG_WARN_STRICT_PROTOTYPES = YES;
				CLANG_WARN_SUSPICIOUS_MOVE = YES;
				CLANG_WARN_UNGUARDED_AVAILABILITY = YES_AGGRESSIVE;
				CLANG_WARN_UNREACHABLE_CODE = YES;
				CLANG_WARN__DUPLICATE_METHOD_MATCH = YES;
				COPY_PHASE_STRIP = NO;
				DEBUG_INFORMATION_FORMAT = "dwarf-with-dsym";
				ENABLE_NS_ASSERTIONS = NO;
				ENABLE_STRICT_OBJC_MSGSEND = YES;
				GCC_C_LANGUAGE_STANDARD = gnu11;
				GCC_NO_COMMON_BLOCKS = YES;
				GCC_WARN_64_TO_32_BIT_CONVERSION = YES;
				GCC_WARN_ABOUT_RETURN_TYPE = YES_ERROR;
				GCC_WARN_UNDECLARED_SELECTOR = YES;
				GCC_WARN_UNINITIALIZED_AUTOS = YES_AGGRESSIVE;
				GCC_WARN_UNUSED_FUNCTION = YES;
				GCC_WARN_UNUSED_VARIABLE = YES;
				IPHONEOS_DEPLOYMENT_TARGET = 16.1;
				MTL_ENABLE_DEBUG_INFO = NO;
				MTL_FAST_MATH = YES;
				SDKROOT = iphoneos;
				SWIFT_COMPILATION_MODE = wholemodule;
				SWIFT_OPTIMIZATION_LEVEL = "-O";
				VALIDATE_PRODUCT = YES;
			};
			name = Release;
		};
		37B0C094293F428000317132 /* Debug */ = {
			isa = XCBuildConfiguration;
			buildSettings = {
				ASSETCATALOG_COMPILER_APPICON_NAME = AppIcon;
				ASSETCATALOG_COMPILER_GLOBAL_ACCENT_COLOR_NAME = AccentColor;
				"CODE_SIGN_IDENTITY[sdk=iphoneos*]" = "iPhone Developer";
				CODE_SIGN_STYLE = Manual;
				CURRENT_PROJECT_VERSION = 2;
				DEVELOPMENT_ASSET_PATHS = "\"Compte/Resources/Assets/Preview Content\"";
				DEVELOPMENT_TEAM = "";
				"DEVELOPMENT_TEAM[sdk=iphoneos*]" = 6B4M252GN4;
				ENABLE_PREVIEWS = YES;
				GCC_OPTIMIZATION_LEVEL = 3;
				GENERATE_INFOPLIST_FILE = YES;
				INFOPLIST_FILE = Compte/Resources/Assets/Info.plist;
				INFOPLIST_KEY_CFBundleDisplayName = Compte;
				INFOPLIST_KEY_LSApplicationCategoryType = "public.app-category.productivity";
				INFOPLIST_KEY_UIApplicationSceneManifest_Generation = YES;
				INFOPLIST_KEY_UIApplicationSupportsIndirectInputEvents = YES;
				INFOPLIST_KEY_UILaunchScreen_Generation = YES;
				INFOPLIST_KEY_UISupportedInterfaceOrientations = UIInterfaceOrientationPortrait;
				IPHONEOS_DEPLOYMENT_TARGET = 15.0;
				LD_RUNPATH_SEARCH_PATHS = (
					"$(inherited)",
					"@executable_path/Frameworks",
				);
				MARKETING_VERSION = 1.0.1;
				PRODUCT_BUNDLE_IDENTIFIER = com.sergiofresneda.compte;
				PRODUCT_NAME = "$(TARGET_NAME)";
				PROVISIONING_PROFILE_SPECIFIER = "";
				"PROVISIONING_PROFILE_SPECIFIER[sdk=iphoneos*]" = "development-compte";
				SUPPORTED_PLATFORMS = "iphoneos iphonesimulator";
				SUPPORTS_MACCATALYST = NO;
				SUPPORTS_MAC_DESIGNED_FOR_IPHONE_IPAD = YES;
				SWIFT_EMIT_LOC_STRINGS = YES;
				SWIFT_VERSION = 5.0;
				TARGETED_DEVICE_FAMILY = 1;
			};
			name = Debug;
		};
		37B0C095293F428000317132 /* Release */ = {
			isa = XCBuildConfiguration;
			buildSettings = {
				ASSETCATALOG_COMPILER_APPICON_NAME = AppIcon;
				ASSETCATALOG_COMPILER_GLOBAL_ACCENT_COLOR_NAME = AccentColor;
				"CODE_SIGN_IDENTITY[sdk=iphoneos*]" = "iPhone Developer";
				CODE_SIGN_STYLE = Manual;
				CURRENT_PROJECT_VERSION = 2;
				DEVELOPMENT_ASSET_PATHS = "\"Compte/Resources/Assets/Preview Content\"";
				DEVELOPMENT_TEAM = "";
				"DEVELOPMENT_TEAM[sdk=iphoneos*]" = 6B4M252GN4;
				ENABLE_PREVIEWS = YES;
				GENERATE_INFOPLIST_FILE = YES;
				INFOPLIST_FILE = Compte/Resources/Assets/Info.plist;
				INFOPLIST_KEY_CFBundleDisplayName = Compte;
				INFOPLIST_KEY_LSApplicationCategoryType = "public.app-category.productivity";
				INFOPLIST_KEY_UIApplicationSceneManifest_Generation = YES;
				INFOPLIST_KEY_UIApplicationSupportsIndirectInputEvents = YES;
				INFOPLIST_KEY_UILaunchScreen_Generation = YES;
				INFOPLIST_KEY_UISupportedInterfaceOrientations = UIInterfaceOrientationPortrait;
				IPHONEOS_DEPLOYMENT_TARGET = 15.0;
				LD_RUNPATH_SEARCH_PATHS = (
					"$(inherited)",
					"@executable_path/Frameworks",
				);
				MARKETING_VERSION = 1.0.1;
				PRODUCT_BUNDLE_IDENTIFIER = com.sergiofresneda.compte;
				PRODUCT_NAME = "$(TARGET_NAME)";
				PROVISIONING_PROFILE_SPECIFIER = "";
				"PROVISIONING_PROFILE_SPECIFIER[sdk=iphoneos*]" = "development-compte";
				SUPPORTED_PLATFORMS = "iphoneos iphonesimulator";
				SUPPORTS_MACCATALYST = NO;
				SUPPORTS_MAC_DESIGNED_FOR_IPHONE_IPAD = YES;
				SWIFT_EMIT_LOC_STRINGS = YES;
				SWIFT_OPTIMIZATION_LEVEL = "-Osize";
				SWIFT_VERSION = 5.0;
				TARGETED_DEVICE_FAMILY = 1;
			};
			name = Release;
		};
		37B0C097293F428000317132 /* Debug */ = {
			isa = XCBuildConfiguration;
			buildSettings = {
				ALWAYS_EMBED_SWIFT_STANDARD_LIBRARIES = YES;
				BUNDLE_LOADER = "$(TEST_HOST)";
				CODE_SIGN_STYLE = Automatic;
				CURRENT_PROJECT_VERSION = 1;
				DEVELOPMENT_TEAM = 6B4M252GN4;
				GENERATE_INFOPLIST_FILE = YES;
				IPHONEOS_DEPLOYMENT_TARGET = 16.1;
				MARKETING_VERSION = 1.0;
				PRODUCT_BUNDLE_IDENTIFIER = com.fresneda.CompteTests;
				PRODUCT_NAME = "$(TARGET_NAME)";
				SWIFT_EMIT_LOC_STRINGS = NO;
				SWIFT_VERSION = 5.0;
				TARGETED_DEVICE_FAMILY = "1,2";
				TEST_HOST = "$(BUILT_PRODUCTS_DIR)/Compte.app/$(BUNDLE_EXECUTABLE_FOLDER_PATH)/Compte";
			};
			name = Debug;
		};
		37B0C098293F428000317132 /* Release */ = {
			isa = XCBuildConfiguration;
			buildSettings = {
				ALWAYS_EMBED_SWIFT_STANDARD_LIBRARIES = YES;
				BUNDLE_LOADER = "$(TEST_HOST)";
				CODE_SIGN_STYLE = Automatic;
				CURRENT_PROJECT_VERSION = 1;
				DEVELOPMENT_TEAM = 6B4M252GN4;
				GENERATE_INFOPLIST_FILE = YES;
				IPHONEOS_DEPLOYMENT_TARGET = 16.1;
				MARKETING_VERSION = 1.0;
				PRODUCT_BUNDLE_IDENTIFIER = com.fresneda.CompteTests;
				PRODUCT_NAME = "$(TARGET_NAME)";
				SWIFT_EMIT_LOC_STRINGS = NO;
				SWIFT_VERSION = 5.0;
				TARGETED_DEVICE_FAMILY = "1,2";
				TEST_HOST = "$(BUILT_PRODUCTS_DIR)/Compte.app/$(BUNDLE_EXECUTABLE_FOLDER_PATH)/Compte";
			};
			name = Release;
		};
		37B0C09A293F428000317132 /* Debug */ = {
			isa = XCBuildConfiguration;
			buildSettings = {
				ALWAYS_EMBED_SWIFT_STANDARD_LIBRARIES = YES;
				CLANG_ENABLE_MODULES = YES;
				CODE_SIGN_STYLE = Automatic;
				CURRENT_PROJECT_VERSION = 1;
				DEVELOPMENT_TEAM = 6B4M252GN4;
				GENERATE_INFOPLIST_FILE = YES;
				LD_RUNPATH_SEARCH_PATHS = (
					"$(inherited)",
					"@executable_path/Frameworks",
					"@loader_path/Frameworks",
				);
				MARKETING_VERSION = 1.0;
				PRODUCT_BUNDLE_IDENTIFIER = com.fresneda.CompteUITests;
				PRODUCT_NAME = "$(TARGET_NAME)";
				SWIFT_EMIT_LOC_STRINGS = NO;
				SWIFT_OBJC_BRIDGING_HEADER = "CompteUITests/CompteUITests-Bridging-Header.h";
				SWIFT_OPTIMIZATION_LEVEL = "-Onone";
				SWIFT_VERSION = 5.0;
				TARGETED_DEVICE_FAMILY = "1,2";
				TEST_TARGET_NAME = Compte;
			};
			name = Debug;
		};
		37B0C09B293F428000317132 /* Release */ = {
			isa = XCBuildConfiguration;
			buildSettings = {
				ALWAYS_EMBED_SWIFT_STANDARD_LIBRARIES = YES;
				CLANG_ENABLE_MODULES = YES;
				CODE_SIGN_STYLE = Automatic;
				CURRENT_PROJECT_VERSION = 1;
				DEVELOPMENT_TEAM = 6B4M252GN4;
				GENERATE_INFOPLIST_FILE = YES;
				LD_RUNPATH_SEARCH_PATHS = (
					"$(inherited)",
					"@executable_path/Frameworks",
					"@loader_path/Frameworks",
				);
				MARKETING_VERSION = 1.0;
				PRODUCT_BUNDLE_IDENTIFIER = com.fresneda.CompteUITests;
				PRODUCT_NAME = "$(TARGET_NAME)";
				SWIFT_EMIT_LOC_STRINGS = NO;
				SWIFT_OBJC_BRIDGING_HEADER = "CompteUITests/CompteUITests-Bridging-Header.h";
				SWIFT_VERSION = 5.0;
				TARGETED_DEVICE_FAMILY = "1,2";
				TEST_TARGET_NAME = Compte;
			};
			name = Release;
		};
/* End XCBuildConfiguration section */

/* Begin XCConfigurationList section */
		37B0C06A293F427F00317132 /* Build configuration list for PBXProject "Compte" */ = {
			isa = XCConfigurationList;
			buildConfigurations = (
				37B0C091293F428000317132 /* Debug */,
				37B0C092293F428000317132 /* Release */,
			);
			defaultConfigurationIsVisible = 0;
			defaultConfigurationName = Release;
		};
		37B0C093293F428000317132 /* Build configuration list for PBXNativeTarget "Compte" */ = {
			isa = XCConfigurationList;
			buildConfigurations = (
				37B0C094293F428000317132 /* Debug */,
				37B0C095293F428000317132 /* Release */,
			);
			defaultConfigurationIsVisible = 0;
			defaultConfigurationName = Release;
		};
		37B0C096293F428000317132 /* Build configuration list for PBXNativeTarget "CompteTests" */ = {
			isa = XCConfigurationList;
			buildConfigurations = (
				37B0C097293F428000317132 /* Debug */,
				37B0C098293F428000317132 /* Release */,
			);
			defaultConfigurationIsVisible = 0;
			defaultConfigurationName = Release;
		};
		37B0C099293F428000317132 /* Build configuration list for PBXNativeTarget "CompteUITests" */ = {
			isa = XCConfigurationList;
			buildConfigurations = (
				37B0C09A293F428000317132 /* Debug */,
				37B0C09B293F428000317132 /* Release */,
			);
			defaultConfigurationIsVisible = 0;
			defaultConfigurationName = Release;
		};
/* End XCConfigurationList section */

/* Begin XCVersionGroup section */
		37327E842946310300F19D4E /* CompteModel.xcdatamodeld */ = {
			isa = XCVersionGroup;
			children = (
				37327E852946310300F19D4E /* CompteModel.xcdatamodel */,
			);
			currentVersion = 37327E852946310300F19D4E /* CompteModel.xcdatamodel */;
			path = CompteModel.xcdatamodeld;
			sourceTree = "<group>";
			versionGroupType = wrapper.xcdatamodel;
		};
/* End XCVersionGroup section */
	};
	rootObject = 37B0C067293F427F00317132 /* Project object */;
}
